
Microsoft Visual Studio Solution File, Format Version 12.00
# Visual Studio Version 17
VisualStudioVersion = 17.0.31903.59
MinimumVisualStudioVersion = 10.0.40219.1
Project("{FAE04EC0-301F-11D3-BF4B-00C04F79EFBC}") = "Ariketa_1", "Ariketa_1\Ariketa_1.csproj", "{038D7B04-014E-461B-854A-512DA86C8638}"
EndProject
Project("{FAE04EC0-301F-11D3-BF4B-00C04F79EFBC}") = "Ariketa_2", "Ariketa_2\Ariketa_2.csproj", "{88B221F0-57CE-44B0-A0B9-DD601476E606}"
EndProject
Project("{FAE04EC0-301F-11D3-BF4B-00C04F79EFBC}") = "Ariketa_3", "Ariketa_3\Ariketa_3.csproj", "{A67BBD19-5343-48A0-AAAF-E5C32D2DB6C5}"
EndProject
Project("{FAE04EC0-301F-11D3-BF4B-00C04F79EFBC}") = "Ariketa_4", "Ariketa_4\Ariketa_4.csproj", "{B41D4AD6-A9D2-4BB2-9E60-E1279FAA255F}"
EndProject
Project("{FAE04EC0-301F-11D3-BF4B-00C04F79EFBC}") = "Ariketa_5", "Ariketa_5\Ariketa_5.csproj", "{2FAB83B4-0110-45E0-9220-6425FB447BAB}"
EndProject
Project("{FAE04EC0-301F-11D3-BF4B-00C04F79EFBC}") = "Ariketa_6", "Ariketa_6\Ariketa_6.csproj", "{66144406-933D-4886-862E-C7569E258216}"
EndProject
Project("{FAE04EC0-301F-11D3-BF4B-00C04F79EFBC}") = "Ariketa_7", "Ariketa_7\Ariketa_7.csproj", "{A4560BDC-7E0C-4470-9CF3-7E39A44A1B89}"
EndProject
Project("{FAE04EC0-301F-11D3-BF4B-00C04F79EFBC}") = "Ariketa_8", "Ariketa_8\Ariketa_8.csproj", "{A5C67AC3-D751-4B6B-8CDC-4A88AB5F845F}"
EndProject
Project("{FAE04EC0-301F-11D3-BF4B-00C04F79EFBC}") = "Ariketa_9", "Ariketa_9\Ariketa_9.csproj", "{ABF371B6-3306-4A92-9A8E-4FDC73688728}"
EndProject
Project("{FAE04EC0-301F-11D3-BF4B-00C04F79EFBC}") = "Ariketa_10", "Ariketa_10\Ariketa_10.csproj", "{81D6D5B6-E88E-4323-BF50-675E35121BAC}"
EndProject
Project("{FAE04EC0-301F-11D3-BF4B-00C04F79EFBC}") = "Ariketa_11", "Ariketa_11\Ariketa_11.csproj", "{767A9FE7-D630-496E-81B5-E376F56CFB4F}"
EndProject
Project("{FAE04EC0-301F-11D3-BF4B-00C04F79EFBC}") = "Ariketa_12", "Ariketa_12\Ariketa_12.csproj", "{1D2D6CEF-C638-4AB5-8174-8C7F6B97A6BF}"
EndProject
Project("{FAE04EC0-301F-11D3-BF4B-00C04F79EFBC}") = "Ariketa_16", "Ariketa_16\Ariketa_16.csproj", "{EFA9FF6A-3D96-4D4F-9827-79766E6CF1D6}"
EndProject
Project("{FAE04EC0-301F-11D3-BF4B-00C04F79EFBC}") = "Ariketa_17", "Ariketa_17\Ariketa_17.csproj", "{B864BB37-ED24-4129-870C-79DCB1D33652}"
EndProject
Project("{FAE04EC0-301F-11D3-BF4B-00C04F79EFBC}") = "Ariketa_19", "Ariketa_19\Ariketa_19.csproj", "{53416C08-C184-4CB6-BBE5-7D44419C99D2}"
EndProject
Project("{FAE04EC0-301F-11D3-BF4B-00C04F79EFBC}") = "Ariketa_20", "Ariketa_20\Ariketa_20.csproj", "{CC2343B9-6523-441C-9105-B7C5500F014E}"
EndProject
Project("{FAE04EC0-301F-11D3-BF4B-00C04F79EFBC}") = "Ariketa_21", "Ariketa_21\Ariketa_21.csproj", "{18264389-294D-47A3-B17E-F63BA8A9713D}"
EndProject
Global
	GlobalSection(SolutionConfigurationPlatforms) = preSolution
		Debug|Any CPU = Debug|Any CPU
		Debug|x64 = Debug|x64
		Debug|x86 = Debug|x86
		Release|Any CPU = Release|Any CPU
		Release|x64 = Release|x64
		Release|x86 = Release|x86
	EndGlobalSection
	GlobalSection(ProjectConfigurationPlatforms) = postSolution
		{038D7B04-014E-461B-854A-512DA86C8638}.Debug|Any CPU.ActiveCfg = Debug|Any CPU
		{038D7B04-014E-461B-854A-512DA86C8638}.Debug|Any CPU.Build.0 = Debug|Any CPU
		{038D7B04-014E-461B-854A-512DA86C8638}.Debug|x64.ActiveCfg = Debug|Any CPU
		{038D7B04-014E-461B-854A-512DA86C8638}.Debug|x64.Build.0 = Debug|Any CPU
		{038D7B04-014E-461B-854A-512DA86C8638}.Debug|x86.ActiveCfg = Debug|Any CPU
		{038D7B04-014E-461B-854A-512DA86C8638}.Debug|x86.Build.0 = Debug|Any CPU
		{038D7B04-014E-461B-854A-512DA86C8638}.Release|Any CPU.ActiveCfg = Release|Any CPU
		{038D7B04-014E-461B-854A-512DA86C8638}.Release|Any CPU.Build.0 = Release|Any CPU
		{038D7B04-014E-461B-854A-512DA86C8638}.Release|x64.ActiveCfg = Release|Any CPU
		{038D7B04-014E-461B-854A-512DA86C8638}.Release|x64.Build.0 = Release|Any CPU
		{038D7B04-014E-461B-854A-512DA86C8638}.Release|x86.ActiveCfg = Release|Any CPU
		{038D7B04-014E-461B-854A-512DA86C8638}.Release|x86.Build.0 = Release|Any CPU
		{88B221F0-57CE-44B0-A0B9-DD601476E606}.Debug|Any CPU.ActiveCfg = Debug|Any CPU
		{88B221F0-57CE-44B0-A0B9-DD601476E606}.Debug|Any CPU.Build.0 = Debug|Any CPU
		{88B221F0-57CE-44B0-A0B9-DD601476E606}.Debug|x64.ActiveCfg = Debug|Any CPU
		{88B221F0-57CE-44B0-A0B9-DD601476E606}.Debug|x64.Build.0 = Debug|Any CPU
		{88B221F0-57CE-44B0-A0B9-DD601476E606}.Debug|x86.ActiveCfg = Debug|Any CPU
		{88B221F0-57CE-44B0-A0B9-DD601476E606}.Debug|x86.Build.0 = Debug|Any CPU
		{88B221F0-57CE-44B0-A0B9-DD601476E606}.Release|Any CPU.ActiveCfg = Release|Any CPU
		{88B221F0-57CE-44B0-A0B9-DD601476E606}.Release|Any CPU.Build.0 = Release|Any CPU
		{88B221F0-57CE-44B0-A0B9-DD601476E606}.Release|x64.ActiveCfg = Release|Any CPU
		{88B221F0-57CE-44B0-A0B9-DD601476E606}.Release|x64.Build.0 = Release|Any CPU
		{88B221F0-57CE-44B0-A0B9-DD601476E606}.Release|x86.ActiveCfg = Release|Any CPU
		{88B221F0-57CE-44B0-A0B9-DD601476E606}.Release|x86.Build.0 = Release|Any CPU
		{A67BBD19-5343-48A0-AAAF-E5C32D2DB6C5}.Debug|Any CPU.ActiveCfg = Debug|Any CPU
		{A67BBD19-5343-48A0-AAAF-E5C32D2DB6C5}.Debug|Any CPU.Build.0 = Debug|Any CPU
		{A67BBD19-5343-48A0-AAAF-E5C32D2DB6C5}.Debug|x64.ActiveCfg = Debug|Any CPU
		{A67BBD19-5343-48A0-AAAF-E5C32D2DB6C5}.Debug|x64.Build.0 = Debug|Any CPU
		{A67BBD19-5343-48A0-AAAF-E5C32D2DB6C5}.Debug|x86.ActiveCfg = Debug|Any CPU
		{A67BBD19-5343-48A0-AAAF-E5C32D2DB6C5}.Debug|x86.Build.0 = Debug|Any CPU
		{A67BBD19-5343-48A0-AAAF-E5C32D2DB6C5}.Release|Any CPU.ActiveCfg = Release|Any CPU
		{A67BBD19-5343-48A0-AAAF-E5C32D2DB6C5}.Release|Any CPU.Build.0 = Release|Any CPU
		{A67BBD19-5343-48A0-AAAF-E5C32D2DB6C5}.Release|x64.ActiveCfg = Release|Any CPU
		{A67BBD19-5343-48A0-AAAF-E5C32D2DB6C5}.Release|x64.Build.0 = Release|Any CPU
		{A67BBD19-5343-48A0-AAAF-E5C32D2DB6C5}.Release|x86.ActiveCfg = Release|Any CPU
		{A67BBD19-5343-48A0-AAAF-E5C32D2DB6C5}.Release|x86.Build.0 = Release|Any CPU
		{B41D4AD6-A9D2-4BB2-9E60-E1279FAA255F}.Debug|Any CPU.ActiveCfg = Debug|Any CPU
		{B41D4AD6-A9D2-4BB2-9E60-E1279FAA255F}.Debug|Any CPU.Build.0 = Debug|Any CPU
		{B41D4AD6-A9D2-4BB2-9E60-E1279FAA255F}.Debug|x64.ActiveCfg = Debug|Any CPU
		{B41D4AD6-A9D2-4BB2-9E60-E1279FAA255F}.Debug|x64.Build.0 = Debug|Any CPU
		{B41D4AD6-A9D2-4BB2-9E60-E1279FAA255F}.Debug|x86.ActiveCfg = Debug|Any CPU
		{B41D4AD6-A9D2-4BB2-9E60-E1279FAA255F}.Debug|x86.Build.0 = Debug|Any CPU
		{B41D4AD6-A9D2-4BB2-9E60-E1279FAA255F}.Release|Any CPU.ActiveCfg = Release|Any CPU
		{B41D4AD6-A9D2-4BB2-9E60-E1279FAA255F}.Release|Any CPU.Build.0 = Release|Any CPU
		{B41D4AD6-A9D2-4BB2-9E60-E1279FAA255F}.Release|x64.ActiveCfg = Release|Any CPU
		{B41D4AD6-A9D2-4BB2-9E60-E1279FAA255F}.Release|x64.Build.0 = Release|Any CPU
		{B41D4AD6-A9D2-4BB2-9E60-E1279FAA255F}.Release|x86.ActiveCfg = Release|Any CPU
		{B41D4AD6-A9D2-4BB2-9E60-E1279FAA255F}.Release|x86.Build.0 = Release|Any CPU
		{2FAB83B4-0110-45E0-9220-6425FB447BAB}.Debug|Any CPU.ActiveCfg = Debug|Any CPU
		{2FAB83B4-0110-45E0-9220-6425FB447BAB}.Debug|Any CPU.Build.0 = Debug|Any CPU
		{2FAB83B4-0110-45E0-9220-6425FB447BAB}.Debug|x64.ActiveCfg = Debug|Any CPU
		{2FAB83B4-0110-45E0-9220-6425FB447BAB}.Debug|x64.Build.0 = Debug|Any CPU
		{2FAB83B4-0110-45E0-9220-6425FB447BAB}.Debug|x86.ActiveCfg = Debug|Any CPU
		{2FAB83B4-0110-45E0-9220-6425FB447BAB}.Debug|x86.Build.0 = Debug|Any CPU
		{2FAB83B4-0110-45E0-9220-6425FB447BAB}.Release|Any CPU.ActiveCfg = Release|Any CPU
		{2FAB83B4-0110-45E0-9220-6425FB447BAB}.Release|Any CPU.Build.0 = Release|Any CPU
		{2FAB83B4-0110-45E0-9220-6425FB447BAB}.Release|x64.ActiveCfg = Release|Any CPU
		{2FAB83B4-0110-45E0-9220-6425FB447BAB}.Release|x64.Build.0 = Release|Any CPU
		{2FAB83B4-0110-45E0-9220-6425FB447BAB}.Release|x86.ActiveCfg = Release|Any CPU
		{2FAB83B4-0110-45E0-9220-6425FB447BAB}.Release|x86.Build.0 = Release|Any CPU
		{66144406-933D-4886-862E-C7569E258216}.Debug|Any CPU.ActiveCfg = Debug|Any CPU
		{66144406-933D-4886-862E-C7569E258216}.Debug|Any CPU.Build.0 = Debug|Any CPU
		{66144406-933D-4886-862E-C7569E258216}.Debug|x64.ActiveCfg = Debug|Any CPU
		{66144406-933D-4886-862E-C7569E258216}.Debug|x64.Build.0 = Debug|Any CPU
		{66144406-933D-4886-862E-C7569E258216}.Debug|x86.ActiveCfg = Debug|Any CPU
		{66144406-933D-4886-862E-C7569E258216}.Debug|x86.Build.0 = Debug|Any CPU
		{66144406-933D-4886-862E-C7569E258216}.Release|Any CPU.ActiveCfg = Release|Any CPU
		{66144406-933D-4886-862E-C7569E258216}.Release|Any CPU.Build.0 = Release|Any CPU
		{66144406-933D-4886-862E-C7569E258216}.Release|x64.ActiveCfg = Release|Any CPU
		{66144406-933D-4886-862E-C7569E258216}.Release|x64.Build.0 = Release|Any CPU
		{66144406-933D-4886-862E-C7569E258216}.Release|x86.ActiveCfg = Release|Any CPU
		{66144406-933D-4886-862E-C7569E258216}.Release|x86.Build.0 = Release|Any CPU
		{A4560BDC-7E0C-4470-9CF3-7E39A44A1B89}.Debug|Any CPU.ActiveCfg = Debug|Any CPU
		{A4560BDC-7E0C-4470-9CF3-7E39A44A1B89}.Debug|Any CPU.Build.0 = Debug|Any CPU
		{A4560BDC-7E0C-4470-9CF3-7E39A44A1B89}.Debug|x64.ActiveCfg = Debug|Any CPU
		{A4560BDC-7E0C-4470-9CF3-7E39A44A1B89}.Debug|x64.Build.0 = Debug|Any CPU
		{A4560BDC-7E0C-4470-9CF3-7E39A44A1B89}.Debug|x86.ActiveCfg = Debug|Any CPU
		{A4560BDC-7E0C-4470-9CF3-7E39A44A1B89}.Debug|x86.Build.0 = Debug|Any CPU
		{A4560BDC-7E0C-4470-9CF3-7E39A44A1B89}.Release|Any CPU.ActiveCfg = Release|Any CPU
		{A4560BDC-7E0C-4470-9CF3-7E39A44A1B89}.Release|Any CPU.Build.0 = Release|Any CPU
		{A4560BDC-7E0C-4470-9CF3-7E39A44A1B89}.Release|x64.ActiveCfg = Release|Any CPU
		{A4560BDC-7E0C-4470-9CF3-7E39A44A1B89}.Release|x64.Build.0 = Release|Any CPU
		{A4560BDC-7E0C-4470-9CF3-7E39A44A1B89}.Release|x86.ActiveCfg = Release|Any CPU
		{A4560BDC-7E0C-4470-9CF3-7E39A44A1B89}.Release|x86.Build.0 = Release|Any CPU
		{A5C67AC3-D751-4B6B-8CDC-4A88AB5F845F}.Debug|Any CPU.ActiveCfg = Debug|Any CPU
		{A5C67AC3-D751-4B6B-8CDC-4A88AB5F845F}.Debug|Any CPU.Build.0 = Debug|Any CPU
		{A5C67AC3-D751-4B6B-8CDC-4A88AB5F845F}.Debug|x64.ActiveCfg = Debug|Any CPU
		{A5C67AC3-D751-4B6B-8CDC-4A88AB5F845F}.Debug|x64.Build.0 = Debug|Any CPU
		{A5C67AC3-D751-4B6B-8CDC-4A88AB5F845F}.Debug|x86.ActiveCfg = Debug|Any CPU
		{A5C67AC3-D751-4B6B-8CDC-4A88AB5F845F}.Debug|x86.Build.0 = Debug|Any CPU
		{A5C67AC3-D751-4B6B-8CDC-4A88AB5F845F}.Release|Any CPU.ActiveCfg = Release|Any CPU
		{A5C67AC3-D751-4B6B-8CDC-4A88AB5F845F}.Release|Any CPU.Build.0 = Release|Any CPU
		{A5C67AC3-D751-4B6B-8CDC-4A88AB5F845F}.Release|x64.ActiveCfg = Release|Any CPU
		{A5C67AC3-D751-4B6B-8CDC-4A88AB5F845F}.Release|x64.Build.0 = Release|Any CPU
		{A5C67AC3-D751-4B6B-8CDC-4A88AB5F845F}.Release|x86.ActiveCfg = Release|Any CPU
		{A5C67AC3-D751-4B6B-8CDC-4A88AB5F845F}.Release|x86.Build.0 = Release|Any CPU
		{ABF371B6-3306-4A92-9A8E-4FDC73688728}.Debug|Any CPU.ActiveCfg = Debug|Any CPU
		{ABF371B6-3306-4A92-9A8E-4FDC73688728}.Debug|Any CPU.Build.0 = Debug|Any CPU
		{ABF371B6-3306-4A92-9A8E-4FDC73688728}.Debug|x64.ActiveCfg = Debug|Any CPU
		{ABF371B6-3306-4A92-9A8E-4FDC73688728}.Debug|x64.Build.0 = Debug|Any CPU
		{ABF371B6-3306-4A92-9A8E-4FDC73688728}.Debug|x86.ActiveCfg = Debug|Any CPU
		{ABF371B6-3306-4A92-9A8E-4FDC73688728}.Debug|x86.Build.0 = Debug|Any CPU
		{ABF371B6-3306-4A92-9A8E-4FDC73688728}.Release|Any CPU.ActiveCfg = Release|Any CPU
		{ABF371B6-3306-4A92-9A8E-4FDC73688728}.Release|Any CPU.Build.0 = Release|Any CPU
		{ABF371B6-3306-4A92-9A8E-4FDC73688728}.Release|x64.ActiveCfg = Release|Any CPU
		{ABF371B6-3306-4A92-9A8E-4FDC73688728}.Release|x64.Build.0 = Release|Any CPU
		{ABF371B6-3306-4A92-9A8E-4FDC73688728}.Release|x86.ActiveCfg = Release|Any CPU
		{ABF371B6-3306-4A92-9A8E-4FDC73688728}.Release|x86.Build.0 = Release|Any CPU
		{81D6D5B6-E88E-4323-BF50-675E35121BAC}.Debug|Any CPU.ActiveCfg = Debug|Any CPU
		{81D6D5B6-E88E-4323-BF50-675E35121BAC}.Debug|Any CPU.Build.0 = Debug|Any CPU
		{81D6D5B6-E88E-4323-BF50-675E35121BAC}.Debug|x64.ActiveCfg = Debug|Any CPU
		{81D6D5B6-E88E-4323-BF50-675E35121BAC}.Debug|x64.Build.0 = Debug|Any CPU
		{81D6D5B6-E88E-4323-BF50-675E35121BAC}.Debug|x86.ActiveCfg = Debug|Any CPU
		{81D6D5B6-E88E-4323-BF50-675E35121BAC}.Debug|x86.Build.0 = Debug|Any CPU
		{81D6D5B6-E88E-4323-BF50-675E35121BAC}.Release|Any CPU.ActiveCfg = Release|Any CPU
		{81D6D5B6-E88E-4323-BF50-675E35121BAC}.Release|Any CPU.Build.0 = Release|Any CPU
		{81D6D5B6-E88E-4323-BF50-675E35121BAC}.Release|x64.ActiveCfg = Release|Any CPU
		{81D6D5B6-E88E-4323-BF50-675E35121BAC}.Release|x64.Build.0 = Release|Any CPU
		{81D6D5B6-E88E-4323-BF50-675E35121BAC}.Release|x86.ActiveCfg = Release|Any CPU
		{81D6D5B6-E88E-4323-BF50-675E35121BAC}.Release|x86.Build.0 = Release|Any CPU
		{767A9FE7-D630-496E-81B5-E376F56CFB4F}.Debug|Any CPU.ActiveCfg = Debug|Any CPU
		{767A9FE7-D630-496E-81B5-E376F56CFB4F}.Debug|Any CPU.Build.0 = Debug|Any CPU
		{767A9FE7-D630-496E-81B5-E376F56CFB4F}.Debug|x64.ActiveCfg = Debug|Any CPU
		{767A9FE7-D630-496E-81B5-E376F56CFB4F}.Debug|x64.Build.0 = Debug|Any CPU
		{767A9FE7-D630-496E-81B5-E376F56CFB4F}.Debug|x86.ActiveCfg = Debug|Any CPU
		{767A9FE7-D630-496E-81B5-E376F56CFB4F}.Debug|x86.Build.0 = Debug|Any CPU
		{767A9FE7-D630-496E-81B5-E376F56CFB4F}.Release|Any CPU.ActiveCfg = Release|Any CPU
		{767A9FE7-D630-496E-81B5-E376F56CFB4F}.Release|Any CPU.Build.0 = Release|Any CPU
		{767A9FE7-D630-496E-81B5-E376F56CFB4F}.Release|x64.ActiveCfg = Release|Any CPU
		{767A9FE7-D630-496E-81B5-E376F56CFB4F}.Release|x64.Build.0 = Release|Any CPU
		{767A9FE7-D630-496E-81B5-E376F56CFB4F}.Release|x86.ActiveCfg = Release|Any CPU
		{767A9FE7-D630-496E-81B5-E376F56CFB4F}.Release|x86.Build.0 = Release|Any CPU
		{1D2D6CEF-C638-4AB5-8174-8C7F6B97A6BF}.Debug|Any CPU.ActiveCfg = Debug|Any CPU
		{1D2D6CEF-C638-4AB5-8174-8C7F6B97A6BF}.Debug|Any CPU.Build.0 = Debug|Any CPU
		{1D2D6CEF-C638-4AB5-8174-8C7F6B97A6BF}.Debug|x64.ActiveCfg = Debug|Any CPU
		{1D2D6CEF-C638-4AB5-8174-8C7F6B97A6BF}.Debug|x64.Build.0 = Debug|Any CPU
		{1D2D6CEF-C638-4AB5-8174-8C7F6B97A6BF}.Debug|x86.ActiveCfg = Debug|Any CPU
		{1D2D6CEF-C638-4AB5-8174-8C7F6B97A6BF}.Debug|x86.Build.0 = Debug|Any CPU
		{1D2D6CEF-C638-4AB5-8174-8C7F6B97A6BF}.Release|Any CPU.ActiveCfg = Release|Any CPU
		{1D2D6CEF-C638-4AB5-8174-8C7F6B97A6BF}.Release|Any CPU.Build.0 = Release|Any CPU
		{1D2D6CEF-C638-4AB5-8174-8C7F6B97A6BF}.Release|x64.ActiveCfg = Release|Any CPU
		{1D2D6CEF-C638-4AB5-8174-8C7F6B97A6BF}.Release|x64.Build.0 = Release|Any CPU
		{1D2D6CEF-C638-4AB5-8174-8C7F6B97A6BF}.Release|x86.ActiveCfg = Release|Any CPU
		{1D2D6CEF-C638-4AB5-8174-8C7F6B97A6BF}.Release|x86.Build.0 = Release|Any CPU
		{EFA9FF6A-3D96-4D4F-9827-79766E6CF1D6}.Debug|Any CPU.ActiveCfg = Debug|Any CPU
		{EFA9FF6A-3D96-4D4F-9827-79766E6CF1D6}.Debug|Any CPU.Build.0 = Debug|Any CPU
		{EFA9FF6A-3D96-4D4F-9827-79766E6CF1D6}.Debug|x64.ActiveCfg = Debug|Any CPU
		{EFA9FF6A-3D96-4D4F-9827-79766E6CF1D6}.Debug|x64.Build.0 = Debug|Any CPU
		{EFA9FF6A-3D96-4D4F-9827-79766E6CF1D6}.Debug|x86.ActiveCfg = Debug|Any CPU
		{EFA9FF6A-3D96-4D4F-9827-79766E6CF1D6}.Debug|x86.Build.0 = Debug|Any CPU
		{EFA9FF6A-3D96-4D4F-9827-79766E6CF1D6}.Release|Any CPU.ActiveCfg = Release|Any CPU
		{EFA9FF6A-3D96-4D4F-9827-79766E6CF1D6}.Release|Any CPU.Build.0 = Release|Any CPU
		{EFA9FF6A-3D96-4D4F-9827-79766E6CF1D6}.Release|x64.ActiveCfg = Release|Any CPU
		{EFA9FF6A-3D96-4D4F-9827-79766E6CF1D6}.Release|x64.Build.0 = Release|Any CPU
		{EFA9FF6A-3D96-4D4F-9827-79766E6CF1D6}.Release|x86.ActiveCfg = Release|Any CPU
		{EFA9FF6A-3D96-4D4F-9827-79766E6CF1D6}.Release|x86.Build.0 = Release|Any CPU
		{B864BB37-ED24-4129-870C-79DCB1D33652}.Debug|Any CPU.ActiveCfg = Debug|Any CPU
		{B864BB37-ED24-4129-870C-79DCB1D33652}.Debug|Any CPU.Build.0 = Debug|Any CPU
		{B864BB37-ED24-4129-870C-79DCB1D33652}.Debug|x64.ActiveCfg = Debug|Any CPU
		{B864BB37-ED24-4129-870C-79DCB1D33652}.Debug|x64.Build.0 = Debug|Any CPU
		{B864BB37-ED24-4129-870C-79DCB1D33652}.Debug|x86.ActiveCfg = Debug|Any CPU
		{B864BB37-ED24-4129-870C-79DCB1D33652}.Debug|x86.Build.0 = Debug|Any CPU
		{B864BB37-ED24-4129-870C-79DCB1D33652}.Release|Any CPU.ActiveCfg = Release|Any CPU
		{B864BB37-ED24-4129-870C-79DCB1D33652}.Release|Any CPU.Build.0 = Release|Any CPU
		{B864BB37-ED24-4129-870C-79DCB1D33652}.Release|x64.ActiveCfg = Release|Any CPU
		{B864BB37-ED24-4129-870C-79DCB1D33652}.Release|x64.Build.0 = Release|Any CPU
		{B864BB37-ED24-4129-870C-79DCB1D33652}.Release|x86.ActiveCfg = Release|Any CPU
		{B864BB37-ED24-4129-870C-79DCB1D33652}.Release|x86.Build.0 = Release|Any CPU
		{53416C08-C184-4CB6-BBE5-7D44419C99D2}.Debug|Any CPU.ActiveCfg = Debug|Any CPU
		{53416C08-C184-4CB6-BBE5-7D44419C99D2}.Debug|Any CPU.Build.0 = Debug|Any CPU
		{53416C08-C184-4CB6-BBE5-7D44419C99D2}.Debug|x64.ActiveCfg = Debug|Any CPU
		{53416C08-C184-4CB6-BBE5-7D44419C99D2}.Debug|x64.Build.0 = Debug|Any CPU
		{53416C08-C184-4CB6-BBE5-7D44419C99D2}.Debug|x86.ActiveCfg = Debug|Any CPU
		{53416C08-C184-4CB6-BBE5-7D44419C99D2}.Debug|x86.Build.0 = Debug|Any CPU
		{53416C08-C184-4CB6-BBE5-7D44419C99D2}.Release|Any CPU.ActiveCfg = Release|Any CPU
		{53416C08-C184-4CB6-BBE5-7D44419C99D2}.Release|Any CPU.Build.0 = Release|Any CPU
		{53416C08-C184-4CB6-BBE5-7D44419C99D2}.Release|x64.ActiveCfg = Release|Any CPU
		{53416C08-C184-4CB6-BBE5-7D44419C99D2}.Release|x64.Build.0 = Release|Any CPU
		{53416C08-C184-4CB6-BBE5-7D44419C99D2}.Release|x86.ActiveCfg = Release|Any CPU
		{53416C08-C184-4CB6-BBE5-7D44419C99D2}.Release|x86.Build.0 = Release|Any CPU
		{CC2343B9-6523-441C-9105-B7C5500F014E}.Debug|Any CPU.ActiveCfg = Debug|Any CPU
		{CC2343B9-6523-441C-9105-B7C5500F014E}.Debug|Any CPU.Build.0 = Debug|Any CPU
		{CC2343B9-6523-441C-9105-B7C5500F014E}.Debug|x64.ActiveCfg = Debug|Any CPU
		{CC2343B9-6523-441C-9105-B7C5500F014E}.Debug|x64.Build.0 = Debug|Any CPU
		{CC2343B9-6523-441C-9105-B7C5500F014E}.Debug|x86.ActiveCfg = Debug|Any CPU
		{CC2343B9-6523-441C-9105-B7C5500F014E}.Debug|x86.Build.0 = Debug|Any CPU
		{CC2343B9-6523-441C-9105-B7C5500F014E}.Release|Any CPU.ActiveCfg = Release|Any CPU
		{CC2343B9-6523-441C-9105-B7C5500F014E}.Release|Any CPU.Build.0 = Release|Any CPU
		{CC2343B9-6523-441C-9105-B7C5500F014E}.Release|x64.ActiveCfg = Release|Any CPU
		{CC2343B9-6523-441C-9105-B7C5500F014E}.Release|x64.Build.0 = Release|Any CPU
		{CC2343B9-6523-441C-9105-B7C5500F014E}.Release|x86.ActiveCfg = Release|Any CPU
		{CC2343B9-6523-441C-9105-B7C5500F014E}.Release|x86.Build.0 = Release|Any CPU
		{18264389-294D-47A3-B17E-F63BA8A9713D}.Debug|Any CPU.ActiveCfg = Debug|Any CPU
		{18264389-294D-47A3-B17E-F63BA8A9713D}.Debug|Any CPU.Build.0 = Debug|Any CPU
		{18264389-294D-47A3-B17E-F63BA8A9713D}.Debug|x64.ActiveCfg = Debug|Any CPU
		{18264389-294D-47A3-B17E-F63BA8A9713D}.Debug|x64.Build.0 = Debug|Any CPU
		{18264389-294D-47A3-B17E-F63BA8A9713D}.Debug|x86.ActiveCfg = Debug|Any CPU
		{18264389-294D-47A3-B17E-F63BA8A9713D}.Debug|x86.Build.0 = Debug|Any CPU
		{18264389-294D-47A3-B17E-F63BA8A9713D}.Release|Any CPU.ActiveCfg = Release|Any CPU
		{18264389-294D-47A3-B17E-F63BA8A9713D}.Release|Any CPU.Build.0 = Release|Any CPU
		{18264389-294D-47A3-B17E-F63BA8A9713D}.Release|x64.ActiveCfg = Release|Any CPU
		{18264389-294D-47A3-B17E-F63BA8A9713D}.Release|x64.Build.0 = Release|Any CPU
		{18264389-294D-47A3-B17E-F63BA8A9713D}.Release|x86.ActiveCfg = Release|Any CPU
		{18264389-294D-47A3-B17E-F63BA8A9713D}.Release|x86.Build.0 = Release|Any CPU
	EndGlobalSection
	GlobalSection(SolutionProperties) = preSolution
		HideSolutionNode = FALSE
	EndGlobalSection
EndGlobal
